
Microsoft Visual Studio Solution File, Format Version 12.00
# Visual Studio Version 17
VisualStudioVersion = 17.8.34330.188
MinimumVisualStudioVersion = 10.0.40219.1
Project("{9A19103F-16F7-4668-BE54-9A1E7A4F7556}") = "BookingHotel", "Booking\BookingHotel.csproj", "{82281F60-0D46-447B-B56A-6C1BD0CEC959}"
EndProject
Project("{FAE04EC0-301F-11D3-BF4B-00C04F79EFBC}") = "BookingHotel.Core", "Booking.Core\BookingHotel.Core.csproj", "{5C859F87-E0B2-4589-9DFC-322583868BCF}"
EndProject
Global
	GlobalSection(SolutionConfigurationPlatforms) = preSolution
		Debug|Any CPU = Debug|Any CPU
		Release|Any CPU = Release|Any CPU
	EndGlobalSection
	GlobalSection(ProjectConfigurationPlatforms) = postSolution
		{82281F60-0D46-447B-B56A-6C1BD0CEC959}.Debug|Any CPU.ActiveCfg = Debug|Any CPU
		{82281F60-0D46-447B-B56A-6C1BD0CEC959}.Debug|Any CPU.Build.0 = Debug|Any CPU
		{82281F60-0D46-447B-B56A-6C1BD0CEC959}.Release|Any CPU.ActiveCfg = Release|Any CPU
		{82281F60-0D46-447B-B56A-6C1BD0CEC959}.Release|Any CPU.Build.0 = Release|Any CPU
		{5C859F87-E0B2-4589-9DFC-322583868BCF}.Debug|Any CPU.ActiveCfg = Debug|Any CPU
		{5C859F87-E0B2-4589-9DFC-322583868BCF}.Debug|Any CPU.Build.0 = Debug|Any CPU
		{5C859F87-E0B2-4589-9DFC-322583868BCF}.Release|Any CPU.ActiveCfg = Release|Any CPU
		{5C859F87-E0B2-4589-9DFC-322583868BCF}.Release|Any CPU.Build.0 = Release|Any CPU
	EndGlobalSection
	GlobalSection(SolutionProperties) = preSolution
		HideSolutionNode = FALSE
	EndGlobalSection
	GlobalSection(ExtensibilityGlobals) = postSolution
		SolutionGuid = {F2B5A41B-BE72-4E6C-A150-5E0EF83ECE9C}
	EndGlobalSection
EndGlobal
